
Microsoft Visual Studio Solution File, Format Version 12.00
# Visual Studio Version 16
VisualStudioVersion = 16.0.29411.108
MinimumVisualStudioVersion = 15.0.26124.0
Project("{2150E333-8FDC-42A3-9474-1A3956D46DE8}") = "tools", "tools", "{689332E3-BEF1-48E7-9C38-8C4048976F08}"
EndProject
Project("{6EC3EE1D-3C4E-46DD-8F32-0CC8E7565705}") = "Fabulous.WPF.Generator", "tools\Fabulous.WPF.Generator\Fabulous.WPF.Generator.fsproj", "{01EB069A-D065-4919-8677-30988C340B9E}"
EndProject
Project("{6EC3EE1D-3C4E-46DD-8F32-0CC8E7565705}") = "Fabulous.WPF.Core", "src\Fabulous.WPF.Core\Fabulous.WPF.Core.fsproj", "{C0F13AFD-001B-4564-9E88-3E6A219E9FD0}"
EndProject
Project("{6EC3EE1D-3C4E-46DD-8F32-0CC8E7565705}") = "Fabulous.WPF", "src\Fabulous.WPF\Fabulous.WPF.fsproj", "{5DEFE4FA-AAAE-4B0A-84D5-441313A9B2B8}"
EndProject
Project("{2150E333-8FDC-42A3-9474-1A3956D46DE8}") = "samples", "samples", "{D6DA06E1-47D5-4483-9C7B-1E84022718AE}"
EndProject
Project("{FAE04EC0-301F-11D3-BF4B-00C04F79EFBC}") = "CounterApp", "samples\CounterApp\CounterApp.fsproj", "{237EDAF4-B4F6-46A7-B592-32FBB6D5625C}"
EndProject
Global
	GlobalSection(SolutionConfigurationPlatforms) = preSolution
		Debug|Any CPU = Debug|Any CPU
		Debug|x64 = Debug|x64
		Debug|x86 = Debug|x86
		Release|Any CPU = Release|Any CPU
		Release|x64 = Release|x64
		Release|x86 = Release|x86
	EndGlobalSection
	GlobalSection(ProjectConfigurationPlatforms) = postSolution
		{01EB069A-D065-4919-8677-30988C340B9E}.Debug|Any CPU.ActiveCfg = Debug|Any CPU
		{01EB069A-D065-4919-8677-30988C340B9E}.Debug|Any CPU.Build.0 = Debug|Any CPU
		{01EB069A-D065-4919-8677-30988C340B9E}.Debug|x64.ActiveCfg = Debug|Any CPU
		{01EB069A-D065-4919-8677-30988C340B9E}.Debug|x64.Build.0 = Debug|Any CPU
		{01EB069A-D065-4919-8677-30988C340B9E}.Debug|x86.ActiveCfg = Debug|Any CPU
		{01EB069A-D065-4919-8677-30988C340B9E}.Debug|x86.Build.0 = Debug|Any CPU
		{01EB069A-D065-4919-8677-30988C340B9E}.Release|Any CPU.ActiveCfg = Release|Any CPU
		{01EB069A-D065-4919-8677-30988C340B9E}.Release|Any CPU.Build.0 = Release|Any CPU
		{01EB069A-D065-4919-8677-30988C340B9E}.Release|x64.ActiveCfg = Release|Any CPU
		{01EB069A-D065-4919-8677-30988C340B9E}.Release|x64.Build.0 = Release|Any CPU
		{01EB069A-D065-4919-8677-30988C340B9E}.Release|x86.ActiveCfg = Release|Any CPU
		{01EB069A-D065-4919-8677-30988C340B9E}.Release|x86.Build.0 = Release|Any CPU
		{C0F13AFD-001B-4564-9E88-3E6A219E9FD0}.Debug|Any CPU.ActiveCfg = Debug|Any CPU
		{C0F13AFD-001B-4564-9E88-3E6A219E9FD0}.Debug|Any CPU.Build.0 = Debug|Any CPU
		{C0F13AFD-001B-4564-9E88-3E6A219E9FD0}.Debug|x64.ActiveCfg = Debug|Any CPU
		{C0F13AFD-001B-4564-9E88-3E6A219E9FD0}.Debug|x64.Build.0 = Debug|Any CPU
		{C0F13AFD-001B-4564-9E88-3E6A219E9FD0}.Debug|x86.ActiveCfg = Debug|Any CPU
		{C0F13AFD-001B-4564-9E88-3E6A219E9FD0}.Debug|x86.Build.0 = Debug|Any CPU
		{C0F13AFD-001B-4564-9E88-3E6A219E9FD0}.Release|Any CPU.ActiveCfg = Release|Any CPU
		{C0F13AFD-001B-4564-9E88-3E6A219E9FD0}.Release|Any CPU.Build.0 = Release|Any CPU
		{C0F13AFD-001B-4564-9E88-3E6A219E9FD0}.Release|x64.ActiveCfg = Release|Any CPU
		{C0F13AFD-001B-4564-9E88-3E6A219E9FD0}.Release|x64.Build.0 = Release|Any CPU
		{C0F13AFD-001B-4564-9E88-3E6A219E9FD0}.Release|x86.ActiveCfg = Release|Any CPU
		{C0F13AFD-001B-4564-9E88-3E6A219E9FD0}.Release|x86.Build.0 = Release|Any CPU
		{5DEFE4FA-AAAE-4B0A-84D5-441313A9B2B8}.Debug|Any CPU.ActiveCfg = Debug|Any CPU
		{5DEFE4FA-AAAE-4B0A-84D5-441313A9B2B8}.Debug|Any CPU.Build.0 = Debug|Any CPU
		{5DEFE4FA-AAAE-4B0A-84D5-441313A9B2B8}.Debug|x64.ActiveCfg = Debug|Any CPU
		{5DEFE4FA-AAAE-4B0A-84D5-441313A9B2B8}.Debug|x64.Build.0 = Debug|Any CPU
		{5DEFE4FA-AAAE-4B0A-84D5-441313A9B2B8}.Debug|x86.ActiveCfg = Debug|Any CPU
		{5DEFE4FA-AAAE-4B0A-84D5-441313A9B2B8}.Debug|x86.Build.0 = Debug|Any CPU
		{5DEFE4FA-AAAE-4B0A-84D5-441313A9B2B8}.Release|Any CPU.ActiveCfg = Release|Any CPU
		{5DEFE4FA-AAAE-4B0A-84D5-441313A9B2B8}.Release|Any CPU.Build.0 = Release|Any CPU
		{5DEFE4FA-AAAE-4B0A-84D5-441313A9B2B8}.Release|x64.ActiveCfg = Release|Any CPU
		{5DEFE4FA-AAAE-4B0A-84D5-441313A9B2B8}.Release|x64.Build.0 = Release|Any CPU
		{5DEFE4FA-AAAE-4B0A-84D5-441313A9B2B8}.Release|x86.ActiveCfg = Release|Any CPU
		{5DEFE4FA-AAAE-4B0A-84D5-441313A9B2B8}.Release|x86.Build.0 = Release|Any CPU
		{237EDAF4-B4F6-46A7-B592-32FBB6D5625C}.Debug|Any CPU.ActiveCfg = Debug|Any CPU
		{237EDAF4-B4F6-46A7-B592-32FBB6D5625C}.Debug|Any CPU.Build.0 = Debug|Any CPU
		{237EDAF4-B4F6-46A7-B592-32FBB6D5625C}.Debug|x64.ActiveCfg = Debug|Any CPU
		{237EDAF4-B4F6-46A7-B592-32FBB6D5625C}.Debug|x64.Build.0 = Debug|Any CPU
		{237EDAF4-B4F6-46A7-B592-32FBB6D5625C}.Debug|x86.ActiveCfg = Debug|Any CPU
		{237EDAF4-B4F6-46A7-B592-32FBB6D5625C}.Debug|x86.Build.0 = Debug|Any CPU
		{237EDAF4-B4F6-46A7-B592-32FBB6D5625C}.Release|Any CPU.ActiveCfg = Release|Any CPU
		{237EDAF4-B4F6-46A7-B592-32FBB6D5625C}.Release|Any CPU.Build.0 = Release|Any CPU
		{237EDAF4-B4F6-46A7-B592-32FBB6D5625C}.Release|x64.ActiveCfg = Release|Any CPU
		{237EDAF4-B4F6-46A7-B592-32FBB6D5625C}.Release|x64.Build.0 = Release|Any CPU
		{237EDAF4-B4F6-46A7-B592-32FBB6D5625C}.Release|x86.ActiveCfg = Release|Any CPU
		{237EDAF4-B4F6-46A7-B592-32FBB6D5625C}.Release|x86.Build.0 = Release|Any CPU
	EndGlobalSection
	GlobalSection(SolutionProperties) = preSolution
		HideSolutionNode = FALSE
	EndGlobalSection
	GlobalSection(NestedProjects) = preSolution
		{01EB069A-D065-4919-8677-30988C340B9E} = {689332E3-BEF1-48E7-9C38-8C4048976F08}
		{237EDAF4-B4F6-46A7-B592-32FBB6D5625C} = {D6DA06E1-47D5-4483-9C7B-1E84022718AE}
	EndGlobalSection
	GlobalSection(ExtensibilityGlobals) = postSolution
		SolutionGuid = {64DD5C5B-AE6C-4B2B-B7A0-BA2317667B4A}
	EndGlobalSection
EndGlobal
